
Microsoft Visual Studio Solution File, Format Version 12.00
# Visual Studio 15
VisualStudioVersion = 15.0.26730.16
MinimumVisualStudioVersion = 10.0.40219.1
Project("{9A19103F-16F7-4668-BE54-9A1E7A4F7556}") = "CrossRoad", "CrossRoad\CrossRoad.csproj", "{815C91B5-17CF-48A4-9D4E-128E56771678}"
EndProject
Project("{FAE04EC0-301F-11D3-BF4B-00C04F79EFBC}") = "CrossRoadTests", "CrossRoadTests\CrossRoadTests.csproj", "{A2355EE6-AA72-44A5-8194-B10691C62ED4}"
EndProject
Global
	GlobalSection(SolutionConfigurationPlatforms) = preSolution
		Debug|Any CPU = Debug|Any CPU
		Release|Any CPU = Release|Any CPU
	EndGlobalSection
	GlobalSection(ProjectConfigurationPlatforms) = postSolution
		{815C91B5-17CF-48A4-9D4E-128E56771678}.Debug|Any CPU.ActiveCfg = Debug|Any CPU
		{815C91B5-17CF-48A4-9D4E-128E56771678}.Debug|Any CPU.Build.0 = Debug|Any CPU
		{815C91B5-17CF-48A4-9D4E-128E56771678}.Release|Any CPU.ActiveCfg = Release|Any CPU
		{815C91B5-17CF-48A4-9D4E-128E56771678}.Release|Any CPU.Build.0 = Release|Any CPU
		{A2355EE6-AA72-44A5-8194-B10691C62ED4}.Debug|Any CPU.ActiveCfg = Debug|Any CPU
		{A2355EE6-AA72-44A5-8194-B10691C62ED4}.Debug|Any CPU.Build.0 = Debug|Any CPU
		{A2355EE6-AA72-44A5-8194-B10691C62ED4}.Release|Any CPU.ActiveCfg = Release|Any CPU
		{A2355EE6-AA72-44A5-8194-B10691C62ED4}.Release|Any CPU.Build.0 = Release|Any CPU
	EndGlobalSection
	GlobalSection(SolutionProperties) = preSolution
		HideSolutionNode = FALSE
	EndGlobalSection
	GlobalSection(ExtensibilityGlobals) = postSolution
		SolutionGuid = {11A1D5BF-9FAF-4BEB-845E-FE783C852564}
	EndGlobalSection
EndGlobal
